
Microsoft Visual Studio Solution File, Format Version 12.00
# Visual Studio Version 17
VisualStudioVersion = 17.3.32929.385
MinimumVisualStudioVersion = 10.0.40219.1
Project("{2150E333-8FDC-42A3-9474-1A3956D46DE8}") = "src", "src", "{9F9D35ED-EAFF-45CA-917E-6E47B398819B}"
EndProject
Project("{2150E333-8FDC-42A3-9474-1A3956D46DE8}") = "Application", "Application", "{BF53FE3E-DAD4-4B4C-A8D4-921423D5A27D}"
EndProject
Project("{2150E333-8FDC-42A3-9474-1A3956D46DE8}") = "Domain", "Domain", "{5E16522B-1131-4931-9C3A-4C8B2DFA9D37}"
EndProject
Project("{2150E333-8FDC-42A3-9474-1A3956D46DE8}") = "Service", "Service", "{334D3B9D-5A1D-44E4-9163-369DB0500065}"
EndProject
Project("{2150E333-8FDC-42A3-9474-1A3956D46DE8}") = "Infra", "Infra", "{70A9F4B9-3E95-4D66-A53E-7EB9458C4496}"
EndProject
Project("{2150E333-8FDC-42A3-9474-1A3956D46DE8}") = "Data", "Data", "{DA68D278-DEF9-491F-8B60-575CF66590E3}"
EndProject
Project("{2150E333-8FDC-42A3-9474-1A3956D46DE8}") = "CrossCutting", "CrossCutting", "{F831B66E-340B-4B0C-A7F8-297F9531CFED}"
EndProject
Project("{FAE04EC0-301F-11D3-BF4B-00C04F79EFBC}") = "Finances.API", "Finances.API\Finances.API.csproj", "{8580C5C3-5438-4A10-966D-23CA291F3B4E}"
EndProject
Project("{FAE04EC0-301F-11D3-BF4B-00C04F79EFBC}") = "Finances.Domain", "Finances.Domain\Finances.Domain.csproj", "{271FFD13-11AD-4FE8-AFB1-B83FDCB716FC}"
EndProject
Project("{FAE04EC0-301F-11D3-BF4B-00C04F79EFBC}") = "Finances.CrossCutting", "Finances.CrossCutting\Finances.CrossCutting.csproj", "{B3AAD931-557F-4D57-9607-1F42C6C1BD1B}"
EndProject
Project("{FAE04EC0-301F-11D3-BF4B-00C04F79EFBC}") = "Finances.Data", "Finances.Data\Finances.Data.csproj", "{50E28C11-4197-4A36-9409-D62D9048E18C}"
EndProject
Project("{FAE04EC0-301F-11D3-BF4B-00C04F79EFBC}") = "Finances.Service", "Finances.Service\Finances.Service.csproj", "{7603726E-35AA-4FCB-8E2E-27BEFE453263}"
EndProject
Global
	GlobalSection(SolutionConfigurationPlatforms) = preSolution
		Debug|Any CPU = Debug|Any CPU
		Release|Any CPU = Release|Any CPU
	EndGlobalSection
	GlobalSection(ProjectConfigurationPlatforms) = postSolution
		{8580C5C3-5438-4A10-966D-23CA291F3B4E}.Debug|Any CPU.ActiveCfg = Debug|Any CPU
		{8580C5C3-5438-4A10-966D-23CA291F3B4E}.Debug|Any CPU.Build.0 = Debug|Any CPU
		{8580C5C3-5438-4A10-966D-23CA291F3B4E}.Release|Any CPU.ActiveCfg = Release|Any CPU
		{8580C5C3-5438-4A10-966D-23CA291F3B4E}.Release|Any CPU.Build.0 = Release|Any CPU
		{271FFD13-11AD-4FE8-AFB1-B83FDCB716FC}.Debug|Any CPU.ActiveCfg = Debug|Any CPU
		{271FFD13-11AD-4FE8-AFB1-B83FDCB716FC}.Debug|Any CPU.Build.0 = Debug|Any CPU
		{271FFD13-11AD-4FE8-AFB1-B83FDCB716FC}.Release|Any CPU.ActiveCfg = Release|Any CPU
		{271FFD13-11AD-4FE8-AFB1-B83FDCB716FC}.Release|Any CPU.Build.0 = Release|Any CPU
		{B3AAD931-557F-4D57-9607-1F42C6C1BD1B}.Debug|Any CPU.ActiveCfg = Debug|Any CPU
		{B3AAD931-557F-4D57-9607-1F42C6C1BD1B}.Debug|Any CPU.Build.0 = Debug|Any CPU
		{B3AAD931-557F-4D57-9607-1F42C6C1BD1B}.Release|Any CPU.ActiveCfg = Release|Any CPU
		{B3AAD931-557F-4D57-9607-1F42C6C1BD1B}.Release|Any CPU.Build.0 = Release|Any CPU
		{50E28C11-4197-4A36-9409-D62D9048E18C}.Debug|Any CPU.ActiveCfg = Debug|Any CPU
		{50E28C11-4197-4A36-9409-D62D9048E18C}.Debug|Any CPU.Build.0 = Debug|Any CPU
		{50E28C11-4197-4A36-9409-D62D9048E18C}.Release|Any CPU.ActiveCfg = Release|Any CPU
		{50E28C11-4197-4A36-9409-D62D9048E18C}.Release|Any CPU.Build.0 = Release|Any CPU
		{7603726E-35AA-4FCB-8E2E-27BEFE453263}.Debug|Any CPU.ActiveCfg = Debug|Any CPU
		{7603726E-35AA-4FCB-8E2E-27BEFE453263}.Debug|Any CPU.Build.0 = Debug|Any CPU
		{7603726E-35AA-4FCB-8E2E-27BEFE453263}.Release|Any CPU.ActiveCfg = Release|Any CPU
		{7603726E-35AA-4FCB-8E2E-27BEFE453263}.Release|Any CPU.Build.0 = Release|Any CPU
	EndGlobalSection
	GlobalSection(SolutionProperties) = preSolution
		HideSolutionNode = FALSE
	EndGlobalSection
	GlobalSection(NestedProjects) = preSolution
		{BF53FE3E-DAD4-4B4C-A8D4-921423D5A27D} = {9F9D35ED-EAFF-45CA-917E-6E47B398819B}
		{5E16522B-1131-4931-9C3A-4C8B2DFA9D37} = {9F9D35ED-EAFF-45CA-917E-6E47B398819B}
		{334D3B9D-5A1D-44E4-9163-369DB0500065} = {9F9D35ED-EAFF-45CA-917E-6E47B398819B}
		{70A9F4B9-3E95-4D66-A53E-7EB9458C4496} = {9F9D35ED-EAFF-45CA-917E-6E47B398819B}
		{DA68D278-DEF9-491F-8B60-575CF66590E3} = {70A9F4B9-3E95-4D66-A53E-7EB9458C4496}
		{F831B66E-340B-4B0C-A7F8-297F9531CFED} = {70A9F4B9-3E95-4D66-A53E-7EB9458C4496}
		{8580C5C3-5438-4A10-966D-23CA291F3B4E} = {BF53FE3E-DAD4-4B4C-A8D4-921423D5A27D}
		{271FFD13-11AD-4FE8-AFB1-B83FDCB716FC} = {5E16522B-1131-4931-9C3A-4C8B2DFA9D37}
		{B3AAD931-557F-4D57-9607-1F42C6C1BD1B} = {F831B66E-340B-4B0C-A7F8-297F9531CFED}
		{50E28C11-4197-4A36-9409-D62D9048E18C} = {DA68D278-DEF9-491F-8B60-575CF66590E3}
		{7603726E-35AA-4FCB-8E2E-27BEFE453263} = {334D3B9D-5A1D-44E4-9163-369DB0500065}
	EndGlobalSection
	GlobalSection(ExtensibilityGlobals) = postSolution
		SolutionGuid = {714B9D8C-301F-4B44-BA13-B83C8333ABAA}
	EndGlobalSection
EndGlobal
